// !$*UTF8*$!
{
	archiveVersion = 1;
	classes = {
	};
	objectVersion = 56;
	objects = {

/* Begin PBXBuildFile section */
		F7F82C432B7B90B700C4D079 /* AppDelegate.swift in Sources */ = {isa = PBXBuildFile; fileRef = F7F82C422B7B90B700C4D079 /* AppDelegate.swift */; };
		F7F82C452B7B90B700C4D079 /* SceneDelegate.swift in Sources */ = {isa = PBXBuildFile; fileRef = F7F82C442B7B90B700C4D079 /* SceneDelegate.swift */; };
		F7F82C472B7B90B700C4D079 /* ViewController.swift in Sources */ = {isa = PBXBuildFile; fileRef = F7F82C462B7B90B700C4D079 /* ViewController.swift */; };
		F7F82C4A2B7B90B700C4D079 /* Main.storyboard in Resources */ = {isa = PBXBuildFile; fileRef = F7F82C482B7B90B700C4D079 /* Main.storyboard */; };
		F7F82C4C2B7B90BA00C4D079 /* Assets.xcassets in Resources */ = {isa = PBXBuildFile; fileRef = F7F82C4B2B7B90BA00C4D079 /* Assets.xcassets */; };
		F7F82C4F2B7B90BA00C4D079 /* LaunchScreen.storyboard in Resources */ = {isa = PBXBuildFile; fileRef = F7F82C4D2B7B90BA00C4D079 /* LaunchScreen.storyboard */; };
		F7F82C5A2B7B90BB00C4D079 /* IminProjectTests.swift in Sources */ = {isa = PBXBuildFile; fileRef = F7F82C592B7B90BB00C4D079 /* IminProjectTests.swift */; };
		F7F82C642B7B90BB00C4D079 /* IminProjectUITests.swift in Sources */ = {isa = PBXBuildFile; fileRef = F7F82C632B7B90BB00C4D079 /* IminProjectUITests.swift */; };
		F7F82C662B7B90BB00C4D079 /* IminProjectUITestsLaunchTests.swift in Sources */ = {isa = PBXBuildFile; fileRef = F7F82C652B7B90BB00C4D079 /* IminProjectUITestsLaunchTests.swift */; };
		F7F82C742B7B90E500C4D079 /* SnapKit in Frameworks */ = {isa = PBXBuildFile; productRef = F7F82C732B7B90E500C4D079 /* SnapKit */; };
		F7F82C772B7B90FC00C4D079 /* RxCocoa in Frameworks */ = {isa = PBXBuildFile; productRef = F7F82C762B7B90FC00C4D079 /* RxCocoa */; };
		F7F82C792B7B90FC00C4D079 /* RxSwift in Frameworks */ = {isa = PBXBuildFile; productRef = F7F82C782B7B90FC00C4D079 /* RxSwift */; };
		F7F82C7C2B7B918800C4D079 /* StorePromotionPreviewController.swift in Sources */ = {isa = PBXBuildFile; fileRef = F7F82C7B2B7B918800C4D079 /* StorePromotionPreviewController.swift */; };
		F7F82C7F2B7B91C400C4D079 /* BaseViewController.swift in Sources */ = {isa = PBXBuildFile; fileRef = F7F82C7E2B7B91C400C4D079 /* BaseViewController.swift */; };
		F7F82C822B7B952C00C4D079 /* StorePromotionProfleView.swift in Sources */ = {isa = PBXBuildFile; fileRef = F7F82C812B7B952C00C4D079 /* StorePromotionProfleView.swift */; };
		F7F82C842B7B954400C4D079 /* BaseView.swift in Sources */ = {isa = PBXBuildFile; fileRef = F7F82C832B7B954400C4D079 /* BaseView.swift */; };
		F7F82C862B7BA51900C4D079 /* PromotionStartButtonView.swift in Sources */ = {isa = PBXBuildFile; fileRef = F7F82C852B7BA51900C4D079 /* PromotionStartButtonView.swift */; };
		F7F82C882B7BAB0000C4D079 /* StorePromotionPreview.swift in Sources */ = {isa = PBXBuildFile; fileRef = F7F82C872B7BAB0000C4D079 /* StorePromotionPreview.swift */; };
/* End PBXBuildFile section */

/* Begin PBXContainerItemProxy section */
		F7F82C562B7B90BB00C4D079 /* PBXContainerItemProxy */ = {
			isa = PBXContainerItemProxy;
			containerPortal = F7F82C372B7B90B700C4D079 /* Project object */;
			proxyType = 1;
			remoteGlobalIDString = F7F82C3E2B7B90B700C4D079;
			remoteInfo = IminProject;
		};
		F7F82C602B7B90BB00C4D079 /* PBXContainerItemProxy */ = {
			isa = PBXContainerItemProxy;
			containerPortal = F7F82C372B7B90B700C4D079 /* Project object */;
			proxyType = 1;
			remoteGlobalIDString = F7F82C3E2B7B90B700C4D079;
			remoteInfo = IminProject;
		};
/* End PBXContainerItemProxy section */

/* Begin PBXFileReference section */
		F7F82C3F2B7B90B700C4D079 /* IminProject.app */ = {isa = PBXFileReference; explicitFileType = wrapper.application; includeInIndex = 0; path = IminProject.app; sourceTree = BUILT_PRODUCTS_DIR; };
		F7F82C422B7B90B700C4D079 /* AppDelegate.swift */ = {isa = PBXFileReference; lastKnownFileType = sourcecode.swift; path = AppDelegate.swift; sourceTree = "<group>"; };
		F7F82C442B7B90B700C4D079 /* SceneDelegate.swift */ = {isa = PBXFileReference; lastKnownFileType = sourcecode.swift; path = SceneDelegate.swift; sourceTree = "<group>"; };
		F7F82C462B7B90B700C4D079 /* ViewController.swift */ = {isa = PBXFileReference; lastKnownFileType = sourcecode.swift; path = ViewController.swift; sourceTree = "<group>"; };
		F7F82C492B7B90B700C4D079 /* Base */ = {isa = PBXFileReference; lastKnownFileType = file.storyboard; name = Base; path = Base.lproj/Main.storyboard; sourceTree = "<group>"; };
		F7F82C4B2B7B90BA00C4D079 /* Assets.xcassets */ = {isa = PBXFileReference; lastKnownFileType = folder.assetcatalog; path = Assets.xcassets; sourceTree = "<group>"; };
		F7F82C4E2B7B90BA00C4D079 /* Base */ = {isa = PBXFileReference; lastKnownFileType = file.storyboard; name = Base; path = Base.lproj/LaunchScreen.storyboard; sourceTree = "<group>"; };
		F7F82C502B7B90BA00C4D079 /* Info.plist */ = {isa = PBXFileReference; lastKnownFileType = text.plist.xml; path = Info.plist; sourceTree = "<group>"; };
		F7F82C552B7B90BB00C4D079 /* IminProjectTests.xctest */ = {isa = PBXFileReference; explicitFileType = wrapper.cfbundle; includeInIndex = 0; path = IminProjectTests.xctest; sourceTree = BUILT_PRODUCTS_DIR; };
		F7F82C592B7B90BB00C4D079 /* IminProjectTests.swift */ = {isa = PBXFileReference; lastKnownFileType = sourcecode.swift; path = IminProjectTests.swift; sourceTree = "<group>"; };
		F7F82C5F2B7B90BB00C4D079 /* IminProjectUITests.xctest */ = {isa = PBXFileReference; explicitFileType = wrapper.cfbundle; includeInIndex = 0; path = IminProjectUITests.xctest; sourceTree = BUILT_PRODUCTS_DIR; };
		F7F82C632B7B90BB00C4D079 /* IminProjectUITests.swift */ = {isa = PBXFileReference; lastKnownFileType = sourcecode.swift; path = IminProjectUITests.swift; sourceTree = "<group>"; };
		F7F82C652B7B90BB00C4D079 /* IminProjectUITestsLaunchTests.swift */ = {isa = PBXFileReference; lastKnownFileType = sourcecode.swift; path = IminProjectUITestsLaunchTests.swift; sourceTree = "<group>"; };
		F7F82C7B2B7B918800C4D079 /* StorePromotionPreviewController.swift */ = {isa = PBXFileReference; lastKnownFileType = sourcecode.swift; path = StorePromotionPreviewController.swift; sourceTree = "<group>"; };
		F7F82C7E2B7B91C400C4D079 /* BaseViewController.swift */ = {isa = PBXFileReference; lastKnownFileType = sourcecode.swift; path = BaseViewController.swift; sourceTree = "<group>"; };
		F7F82C812B7B952C00C4D079 /* StorePromotionProfleView.swift */ = {isa = PBXFileReference; lastKnownFileType = sourcecode.swift; path = StorePromotionProfleView.swift; sourceTree = "<group>"; };
		F7F82C832B7B954400C4D079 /* BaseView.swift */ = {isa = PBXFileReference; lastKnownFileType = sourcecode.swift; path = BaseView.swift; sourceTree = "<group>"; };
		F7F82C852B7BA51900C4D079 /* PromotionStartButtonView.swift */ = {isa = PBXFileReference; lastKnownFileType = sourcecode.swift; path = PromotionStartButtonView.swift; sourceTree = "<group>"; };
		F7F82C872B7BAB0000C4D079 /* StorePromotionPreview.swift */ = {isa = PBXFileReference; lastKnownFileType = sourcecode.swift; path = StorePromotionPreview.swift; sourceTree = "<group>"; };
/* End PBXFileReference section */

/* Begin PBXFrameworksBuildPhase section */
		F7F82C3C2B7B90B700C4D079 /* Frameworks */ = {
			isa = PBXFrameworksBuildPhase;
			buildActionMask = 2147483647;
			files = (
				F7F82C792B7B90FC00C4D079 /* RxSwift in Frameworks */,
				F7F82C772B7B90FC00C4D079 /* RxCocoa in Frameworks */,
				F7F82C742B7B90E500C4D079 /* SnapKit in Frameworks */,
			);
			runOnlyForDeploymentPostprocessing = 0;
		};
		F7F82C522B7B90BB00C4D079 /* Frameworks */ = {
			isa = PBXFrameworksBuildPhase;
			buildActionMask = 2147483647;
			files = (
			);
			runOnlyForDeploymentPostprocessing = 0;
		};
		F7F82C5C2B7B90BB00C4D079 /* Frameworks */ = {
			isa = PBXFrameworksBuildPhase;
			buildActionMask = 2147483647;
			files = (
			);
			runOnlyForDeploymentPostprocessing = 0;
		};
/* End PBXFrameworksBuildPhase section */

/* Begin PBXGroup section */
		F7F82C362B7B90B700C4D079 = {
			isa = PBXGroup;
			children = (
				F7F82C412B7B90B700C4D079 /* IminProject */,
				F7F82C582B7B90BB00C4D079 /* IminProjectTests */,
				F7F82C622B7B90BB00C4D079 /* IminProjectUITests */,
				F7F82C402B7B90B700C4D079 /* Products */,
			);
			sourceTree = "<group>";
		};
		F7F82C402B7B90B700C4D079 /* Products */ = {
			isa = PBXGroup;
			children = (
				F7F82C3F2B7B90B700C4D079 /* IminProject.app */,
				F7F82C552B7B90BB00C4D079 /* IminProjectTests.xctest */,
				F7F82C5F2B7B90BB00C4D079 /* IminProjectUITests.xctest */,
			);
			name = Products;
			sourceTree = "<group>";
		};
		F7F82C412B7B90B700C4D079 /* IminProject */ = {
			isa = PBXGroup;
			children = (
				F7F82C7D2B7B91B800C4D079 /* Base */,
				F7F82C7A2B7B916600C4D079 /* PromotionPreViews */,
				F7F82C422B7B90B700C4D079 /* AppDelegate.swift */,
				F7F82C442B7B90B700C4D079 /* SceneDelegate.swift */,
				F7F82C462B7B90B700C4D079 /* ViewController.swift */,
				F7F82C482B7B90B700C4D079 /* Main.storyboard */,
				F7F82C4D2B7B90BA00C4D079 /* LaunchScreen.storyboard */,
				F7F82C4B2B7B90BA00C4D079 /* Assets.xcassets */,
				F7F82C502B7B90BA00C4D079 /* Info.plist */,
			);
			path = IminProject;
			sourceTree = "<group>";
		};
		F7F82C582B7B90BB00C4D079 /* IminProjectTests */ = {
			isa = PBXGroup;
			children = (
				F7F82C592B7B90BB00C4D079 /* IminProjectTests.swift */,
			);
			path = IminProjectTests;
			sourceTree = "<group>";
		};
		F7F82C622B7B90BB00C4D079 /* IminProjectUITests */ = {
			isa = PBXGroup;
			children = (
				F7F82C632B7B90BB00C4D079 /* IminProjectUITests.swift */,
				F7F82C652B7B90BB00C4D079 /* IminProjectUITestsLaunchTests.swift */,
			);
			path = IminProjectUITests;
			sourceTree = "<group>";
		};
		F7F82C7A2B7B916600C4D079 /* PromotionPreViews */ = {
			isa = PBXGroup;
			children = (
				F7F82C802B7B950E00C4D079 /* ReusableCustomView */,
				F7F82C7B2B7B918800C4D079 /* StorePromotionPreviewController.swift */,
				F7F82C872B7BAB0000C4D079 /* StorePromotionPreview.swift */,
			);
			path = PromotionPreViews;
			sourceTree = "<group>";
		};
		F7F82C7D2B7B91B800C4D079 /* Base */ = {
			isa = PBXGroup;
			children = (
				F7F82C7E2B7B91C400C4D079 /* BaseViewController.swift */,
				F7F82C832B7B954400C4D079 /* BaseView.swift */,
			);
			path = Base;
			sourceTree = "<group>";
		};
		F7F82C802B7B950E00C4D079 /* ReusableCustomView */ = {
			isa = PBXGroup;
			children = (
				F7F82C812B7B952C00C4D079 /* StorePromotionProfleView.swift */,
				F7F82C852B7BA51900C4D079 /* PromotionStartButtonView.swift */,
			);
			path = ReusableCustomView;
			sourceTree = "<group>";
		};
/* End PBXGroup section */

/* Begin PBXNativeTarget section */
		F7F82C3E2B7B90B700C4D079 /* IminProject */ = {
			isa = PBXNativeTarget;
			buildConfigurationList = F7F82C692B7B90BB00C4D079 /* Build configuration list for PBXNativeTarget "IminProject" */;
			buildPhases = (
				F7F82C3B2B7B90B700C4D079 /* Sources */,
				F7F82C3C2B7B90B700C4D079 /* Frameworks */,
				F7F82C3D2B7B90B700C4D079 /* Resources */,
			);
			buildRules = (
			);
			dependencies = (
			);
			name = IminProject;
			packageProductDependencies = (
				F7F82C732B7B90E500C4D079 /* SnapKit */,
				F7F82C762B7B90FC00C4D079 /* RxCocoa */,
				F7F82C782B7B90FC00C4D079 /* RxSwift */,
			);
			productName = IminProject;
			productReference = F7F82C3F2B7B90B700C4D079 /* IminProject.app */;
			productType = "com.apple.product-type.application";
		};
		F7F82C542B7B90BB00C4D079 /* IminProjectTests */ = {
			isa = PBXNativeTarget;
			buildConfigurationList = F7F82C6C2B7B90BB00C4D079 /* Build configuration list for PBXNativeTarget "IminProjectTests" */;
			buildPhases = (
				F7F82C512B7B90BB00C4D079 /* Sources */,
				F7F82C522B7B90BB00C4D079 /* Frameworks */,
				F7F82C532B7B90BB00C4D079 /* Resources */,
			);
			buildRules = (
			);
			dependencies = (
				F7F82C572B7B90BB00C4D079 /* PBXTargetDependency */,
			);
			name = IminProjectTests;
			productName = IminProjectTests;
			productReference = F7F82C552B7B90BB00C4D079 /* IminProjectTests.xctest */;
			productType = "com.apple.product-type.bundle.unit-test";
		};
		F7F82C5E2B7B90BB00C4D079 /* IminProjectUITests */ = {
			isa = PBXNativeTarget;
			buildConfigurationList = F7F82C6F2B7B90BB00C4D079 /* Build configuration list for PBXNativeTarget "IminProjectUITests" */;
			buildPhases = (
				F7F82C5B2B7B90BB00C4D079 /* Sources */,
				F7F82C5C2B7B90BB00C4D079 /* Frameworks */,
				F7F82C5D2B7B90BB00C4D079 /* Resources */,
			);
			buildRules = (
			);
			dependencies = (
				F7F82C612B7B90BB00C4D079 /* PBXTargetDependency */,
			);
			name = IminProjectUITests;
			productName = IminProjectUITests;
			productReference = F7F82C5F2B7B90BB00C4D079 /* IminProjectUITests.xctest */;
			productType = "com.apple.product-type.bundle.ui-testing";
		};
/* End PBXNativeTarget section */

/* Begin PBXProject section */
		F7F82C372B7B90B700C4D079 /* Project object */ = {
			isa = PBXProject;
			attributes = {
				BuildIndependentTargetsInParallel = 1;
				LastSwiftUpdateCheck = 1500;
				LastUpgradeCheck = 1500;
				TargetAttributes = {
					F7F82C3E2B7B90B700C4D079 = {
						CreatedOnToolsVersion = 15.0.1;
					};
					F7F82C542B7B90BB00C4D079 = {
						CreatedOnToolsVersion = 15.0.1;
						TestTargetID = F7F82C3E2B7B90B700C4D079;
					};
					F7F82C5E2B7B90BB00C4D079 = {
						CreatedOnToolsVersion = 15.0.1;
						TestTargetID = F7F82C3E2B7B90B700C4D079;
					};
				};
			};
			buildConfigurationList = F7F82C3A2B7B90B700C4D079 /* Build configuration list for PBXProject "IminProject" */;
			compatibilityVersion = "Xcode 14.0";
			developmentRegion = en;
			hasScannedForEncodings = 0;
			knownRegions = (
				en,
				Base,
			);
			mainGroup = F7F82C362B7B90B700C4D079;
			packageReferences = (
				F7F82C722B7B90E500C4D079 /* XCRemoteSwiftPackageReference "SnapKit" */,
				F7F82C752B7B90FC00C4D079 /* XCRemoteSwiftPackageReference "RxSwift" */,
			);
			productRefGroup = F7F82C402B7B90B700C4D079 /* Products */;
			projectDirPath = "";
			projectRoot = "";
			targets = (
				F7F82C3E2B7B90B700C4D079 /* IminProject */,
				F7F82C542B7B90BB00C4D079 /* IminProjectTests */,
				F7F82C5E2B7B90BB00C4D079 /* IminProjectUITests */,
			);
		};
/* End PBXProject section */

/* Begin PBXResourcesBuildPhase section */
		F7F82C3D2B7B90B700C4D079 /* Resources */ = {
			isa = PBXResourcesBuildPhase;
			buildActionMask = 2147483647;
			files = (
				F7F82C4F2B7B90BA00C4D079 /* LaunchScreen.storyboard in Resources */,
				F7F82C4C2B7B90BA00C4D079 /* Assets.xcassets in Resources */,
				F7F82C4A2B7B90B700C4D079 /* Main.storyboard in Resources */,
			);
			runOnlyForDeploymentPostprocessing = 0;
		};
		F7F82C532B7B90BB00C4D079 /* Resources */ = {
			isa = PBXResourcesBuildPhase;
			buildActionMask = 2147483647;
			files = (
			);
			runOnlyForDeploymentPostprocessing = 0;
		};
		F7F82C5D2B7B90BB00C4D079 /* Resources */ = {
			isa = PBXResourcesBuildPhase;
			buildActionMask = 2147483647;
			files = (
			);
			runOnlyForDeploymentPostprocessing = 0;
		};
/* End PBXResourcesBuildPhase section */

/* Begin PBXSourcesBuildPhase section */
		F7F82C3B2B7B90B700C4D079 /* Sources */ = {
			isa = PBXSourcesBuildPhase;
			buildActionMask = 2147483647;
			files = (
				F7F82C882B7BAB0000C4D079 /* StorePromotionPreview.swift in Sources */,
				F7F82C7F2B7B91C400C4D079 /* BaseViewController.swift in Sources */,
				F7F82C472B7B90B700C4D079 /* ViewController.swift in Sources */,
				F7F82C432B7B90B700C4D079 /* AppDelegate.swift in Sources */,
				F7F82C7C2B7B918800C4D079 /* StorePromotionPreviewController.swift in Sources */,
				F7F82C842B7B954400C4D079 /* BaseView.swift in Sources */,
				F7F82C822B7B952C00C4D079 /* StorePromotionProfleView.swift in Sources */,
				F7F82C862B7BA51900C4D079 /* PromotionStartButtonView.swift in Sources */,
				F7F82C452B7B90B700C4D079 /* SceneDelegate.swift in Sources */,
			);
			runOnlyForDeploymentPostprocessing = 0;
		};
		F7F82C512B7B90BB00C4D079 /* Sources */ = {
			isa = PBXSourcesBuildPhase;
			buildActionMask = 2147483647;
			files = (
				F7F82C5A2B7B90BB00C4D079 /* IminProjectTests.swift in Sources */,
			);
			runOnlyForDeploymentPostprocessing = 0;
		};
		F7F82C5B2B7B90BB00C4D079 /* Sources */ = {
			isa = PBXSourcesBuildPhase;
			buildActionMask = 2147483647;
			files = (
				F7F82C642B7B90BB00C4D079 /* IminProjectUITests.swift in Sources */,
				F7F82C662B7B90BB00C4D079 /* IminProjectUITestsLaunchTests.swift in Sources */,
			);
			runOnlyForDeploymentPostprocessing = 0;
		};
/* End PBXSourcesBuildPhase section */

/* Begin PBXTargetDependency section */
		F7F82C572B7B90BB00C4D079 /* PBXTargetDependency */ = {
			isa = PBXTargetDependency;
			target = F7F82C3E2B7B90B700C4D079 /* IminProject */;
			targetProxy = F7F82C562B7B90BB00C4D079 /* PBXContainerItemProxy */;
		};
		F7F82C612B7B90BB00C4D079 /* PBXTargetDependency */ = {
			isa = PBXTargetDependency;
			target = F7F82C3E2B7B90B700C4D079 /* IminProject */;
			targetProxy = F7F82C602B7B90BB00C4D079 /* PBXContainerItemProxy */;
		};
/* End PBXTargetDependency section */

/* Begin PBXVariantGroup section */
		F7F82C482B7B90B700C4D079 /* Main.storyboard */ = {
			isa = PBXVariantGroup;
			children = (
				F7F82C492B7B90B700C4D079 /* Base */,
			);
			name = Main.storyboard;
			sourceTree = "<group>";
		};
		F7F82C4D2B7B90BA00C4D079 /* LaunchScreen.storyboard */ = {
			isa = PBXVariantGroup;
			children = (
				F7F82C4E2B7B90BA00C4D079 /* Base */,
			);
			name = LaunchScreen.storyboard;
			sourceTree = "<group>";
		};
/* End PBXVariantGroup section */

/* Begin XCBuildConfiguration section */
		F7F82C672B7B90BB00C4D079 /* Debug */ = {
			isa = XCBuildConfiguration;
			buildSettings = {
				ALWAYS_SEARCH_USER_PATHS = NO;
				ASSETCATALOG_COMPILER_GENERATE_SWIFT_ASSET_SYMBOL_EXTENSIONS = YES;
				CLANG_ANALYZER_NONNULL = YES;
				CLANG_ANALYZER_NUMBER_OBJECT_CONVERSION = YES_AGGRESSIVE;
				CLANG_CXX_LANGUAGE_STANDARD = "gnu++20";
				CLANG_ENABLE_MODULES = YES;
				CLANG_ENABLE_OBJC_ARC = YES;
				CLANG_ENABLE_OBJC_WEAK = YES;
				CLANG_WARN_BLOCK_CAPTURE_AUTORELEASING = YES;
				CLANG_WARN_BOOL_CONVERSION = YES;
				CLANG_WARN_COMMA = YES;
				CLANG_WARN_CONSTANT_CONVERSION = YES;
				CLANG_WARN_DEPRECATED_OBJC_IMPLEMENTATIONS = YES;
				CLANG_WARN_DIRECT_OBJC_ISA_USAGE = YES_ERROR;
				CLANG_WARN_DOCUMENTATION_COMMENTS = YES;
				CLANG_WARN_EMPTY_BODY = YES;
				CLANG_WARN_ENUM_CONVERSION = YES;
				CLANG_WARN_INFINITE_RECURSION = YES;
				CLANG_WARN_INT_CONVERSION = YES;
				CLANG_WARN_NON_LITERAL_NULL_CONVERSION = YES;
				CLANG_WARN_OBJC_IMPLICIT_RETAIN_SELF = YES;
				CLANG_WARN_OBJC_LITERAL_CONVERSION = YES;
				CLANG_WARN_OBJC_ROOT_CLASS = YES_ERROR;
				CLANG_WARN_QUOTED_INCLUDE_IN_FRAMEWORK_HEADER = YES;
				CLANG_WARN_RANGE_LOOP_ANALYSIS = YES;
				CLANG_WARN_STRICT_PROTOTYPES = YES;
				CLANG_WARN_SUSPICIOUS_MOVE = YES;
				CLANG_WARN_UNGUARDED_AVAILABILITY = YES_AGGRESSIVE;
				CLANG_WARN_UNREACHABLE_CODE = YES;
				CLANG_WARN__DUPLICATE_METHOD_MATCH = YES;
				COPY_PHASE_STRIP = NO;
				DEBUG_INFORMATION_FORMAT = dwarf;
				ENABLE_STRICT_OBJC_MSGSEND = YES;
				ENABLE_TESTABILITY = YES;
				ENABLE_USER_SCRIPT_SANDBOXING = YES;
				GCC_C_LANGUAGE_STANDARD = gnu17;
				GCC_DYNAMIC_NO_PIC = NO;
				GCC_NO_COMMON_BLOCKS = YES;
				GCC_OPTIMIZATION_LEVEL = 0;
				GCC_PREPROCESSOR_DEFINITIONS = (
					"DEBUG=1",
					"$(inherited)",
				);
				GCC_WARN_64_TO_32_BIT_CONVERSION = YES;
				GCC_WARN_ABOUT_RETURN_TYPE = YES_ERROR;
				GCC_WARN_UNDECLARED_SELECTOR = YES;
				GCC_WARN_UNINITIALIZED_AUTOS = YES_AGGRESSIVE;
				GCC_WARN_UNUSED_FUNCTION = YES;
				GCC_WARN_UNUSED_VARIABLE = YES;
				IPHONEOS_DEPLOYMENT_TARGET = 17.0;
				LOCALIZATION_PREFERS_STRING_CATALOGS = YES;
				MTL_ENABLE_DEBUG_INFO = INCLUDE_SOURCE;
				MTL_FAST_MATH = YES;
				ONLY_ACTIVE_ARCH = YES;
				SDKROOT = iphoneos;
				SWIFT_ACTIVE_COMPILATION_CONDITIONS = "DEBUG $(inherited)";
				SWIFT_OPTIMIZATION_LEVEL = "-Onone";
			};
			name = Debug;
		};
		F7F82C682B7B90BB00C4D079 /* Release */ = {
			isa = XCBuildConfiguration;
			buildSettings = {
				ALWAYS_SEARCH_USER_PATHS = NO;
				ASSETCATALOG_COMPILER_GENERATE_SWIFT_ASSET_SYMBOL_EXTENSIONS = YES;
				CLANG_ANALYZER_NONNULL = YES;
				CLANG_ANALYZER_NUMBER_OBJECT_CONVERSION = YES_AGGRESSIVE;
				CLANG_CXX_LANGUAGE_STANDARD = "gnu++20";
				CLANG_ENABLE_MODULES = YES;
				CLANG_ENABLE_OBJC_ARC = YES;
				CLANG_ENABLE_OBJC_WEAK = YES;
				CLANG_WARN_BLOCK_CAPTURE_AUTORELEASING = YES;
				CLANG_WARN_BOOL_CONVERSION = YES;
				CLANG_WARN_COMMA = YES;
				CLANG_WARN_CONSTANT_CONVERSION = YES;
				CLANG_WARN_DEPRECATED_OBJC_IMPLEMENTATIONS = YES;
				CLANG_WARN_DIRECT_OBJC_ISA_USAGE = YES_ERROR;
				CLANG_WARN_DOCUMENTATION_COMMENTS = YES;
				CLANG_WARN_EMPTY_BODY = YES;
				CLANG_WARN_ENUM_CONVERSION = YES;
				CLANG_WARN_INFINITE_RECURSION = YES;
				CLANG_WARN_INT_CONVERSION = YES;
				CLANG_WARN_NON_LITERAL_NULL_CONVERSION = YES;
				CLANG_WARN_OBJC_IMPLICIT_RETAIN_SELF = YES;
				CLANG_WARN_OBJC_LITERAL_CONVERSION = YES;
				CLANG_WARN_OBJC_ROOT_CLASS = YES_ERROR;
				CLANG_WARN_QUOTED_INCLUDE_IN_FRAMEWORK_HEADER = YES;
				CLANG_WARN_RANGE_LOOP_ANALYSIS = YES;
				CLANG_WARN_STRICT_PROTOTYPES = YES;
				CLANG_WARN_SUSPICIOUS_MOVE = YES;
				CLANG_WARN_UNGUARDED_AVAILABILITY = YES_AGGRESSIVE;
				CLANG_WARN_UNREACHABLE_CODE = YES;
				CLANG_WARN__DUPLICATE_METHOD_MATCH = YES;
				COPY_PHASE_STRIP = NO;
				DEBUG_INFORMATION_FORMAT = "dwarf-with-dsym";
				ENABLE_NS_ASSERTIONS = NO;
				ENABLE_STRICT_OBJC_MSGSEND = YES;
				ENABLE_USER_SCRIPT_SANDBOXING = YES;
				GCC_C_LANGUAGE_STANDARD = gnu17;
				GCC_NO_COMMON_BLOCKS = YES;
				GCC_WARN_64_TO_32_BIT_CONVERSION = YES;
				GCC_WARN_ABOUT_RETURN_TYPE = YES_ERROR;
				GCC_WARN_UNDECLARED_SELECTOR = YES;
				GCC_WARN_UNINITIALIZED_AUTOS = YES_AGGRESSIVE;
				GCC_WARN_UNUSED_FUNCTION = YES;
				GCC_WARN_UNUSED_VARIABLE = YES;
				IPHONEOS_DEPLOYMENT_TARGET = 17.0;
				LOCALIZATION_PREFERS_STRING_CATALOGS = YES;
				MTL_ENABLE_DEBUG_INFO = NO;
				MTL_FAST_MATH = YES;
				SDKROOT = iphoneos;
				SWIFT_COMPILATION_MODE = wholemodule;
				VALIDATE_PRODUCT = YES;
			};
			name = Release;
		};
		F7F82C6A2B7B90BB00C4D079 /* Debug */ = {
			isa = XCBuildConfiguration;
			buildSettings = {
				ASSETCATALOG_COMPILER_APPICON_NAME = AppIcon;
				ASSETCATALOG_COMPILER_GLOBAL_ACCENT_COLOR_NAME = AccentColor;
				CODE_SIGN_STYLE = Automatic;
				CURRENT_PROJECT_VERSION = 1;
				DEVELOPMENT_TEAM = 2K3Y93YF8Z;
				GENERATE_INFOPLIST_FILE = YES;
				INFOPLIST_FILE = IminProject/Info.plist;
				INFOPLIST_KEY_UIApplicationSupportsIndirectInputEvents = YES;
				INFOPLIST_KEY_UILaunchStoryboardName = LaunchScreen;
				INFOPLIST_KEY_UIMainStoryboardFile = Main;
				INFOPLIST_KEY_UISupportedInterfaceOrientations = UIInterfaceOrientationPortrait;
				INFOPLIST_KEY_UISupportedInterfaceOrientations_iPad = "UIInterfaceOrientationLandscapeLeft UIInterfaceOrientationLandscapeRight UIInterfaceOrientationPortrait UIInterfaceOrientationPortraitUpsideDown";
				IPHONEOS_DEPLOYMENT_TARGET = 13.0;
				LD_RUNPATH_SEARCH_PATHS = (
					"$(inherited)",
					"@executable_path/Frameworks",
				);
				MARKETING_VERSION = 1.0;
				PRODUCT_BUNDLE_IDENTIFIER = com.hans.IminProject;
				PRODUCT_NAME = "$(TARGET_NAME)";
				SUPPORTED_PLATFORMS = "iphoneos iphonesimulator";
				SUPPORTS_MACCATALYST = NO;
				SUPPORTS_MAC_DESIGNED_FOR_IPHONE_IPAD = NO;
				SWIFT_EMIT_LOC_STRINGS = YES;
				SWIFT_VERSION = 5.0;
				TARGETED_DEVICE_FAMILY = 1;
			};
			name = Debug;
		};
		F7F82C6B2B7B90BB00C4D079 /* Release */ = {
			isa = XCBuildConfiguration;
			buildSettings = {
				ASSETCATALOG_COMPILER_APPICON_NAME = AppIcon;
				ASSETCATALOG_COMPILER_GLOBAL_ACCENT_COLOR_NAME = AccentColor;
				CODE_SIGN_STYLE = Automatic;
				CURRENT_PROJECT_VERSION = 1;
				DEVELOPMENT_TEAM = 2K3Y93YF8Z;
				GENERATE_INFOPLIST_FILE = YES;
				INFOPLIST_FILE = IminProject/Info.plist;
				INFOPLIST_KEY_UIApplicationSupportsIndirectInputEvents = YES;
				INFOPLIST_KEY_UILaunchStoryboardName = LaunchScreen;
				INFOPLIST_KEY_UIMainStoryboardFile = Main;
				INFOPLIST_KEY_UISupportedInterfaceOrientations = UIInterfaceOrientationPortrait;
				INFOPLIST_KEY_UISupportedInterfaceOrientations_iPad = "UIInterfaceOrientationLandscapeLeft UIInterfaceOrientationLandscapeRight UIInterfaceOrientationPortrait UIInterfaceOrientationPortraitUpsideDown";
				IPHONEOS_DEPLOYMENT_TARGET = 13.0;
				LD_RUNPATH_SEARCH_PATHS = (
					"$(inherited)",
					"@executable_path/Frameworks",
				);
				MARKETING_VERSION = 1.0;
				PRODUCT_BUNDLE_IDENTIFIER = com.hans.IminProject;
				PRODUCT_NAME = "$(TARGET_NAME)";
				SUPPORTED_PLATFORMS = "iphoneos iphonesimulator";
				SUPPORTS_MACCATALYST = NO;
				SUPPORTS_MAC_DESIGNED_FOR_IPHONE_IPAD = NO;
				SWIFT_EMIT_LOC_STRINGS = YES;
				SWIFT_VERSION = 5.0;
				TARGETED_DEVICE_FAMILY = 1;
			};
			name = Release;
		};
		F7F82C6D2B7B90BB00C4D079 /* Debug */ = {
			isa = XCBuildConfiguration;
			buildSettings = {
				ALWAYS_EMBED_SWIFT_STANDARD_LIBRARIES = YES;
				BUNDLE_LOADER = "$(TEST_HOST)";
				CODE_SIGN_STYLE = Automatic;
				CURRENT_PROJECT_VERSION = 1;
				DEVELOPMENT_TEAM = 2K3Y93YF8Z;
				GENERATE_INFOPLIST_FILE = YES;
				IPHONEOS_DEPLOYMENT_TARGET = 17.0;
				MARKETING_VERSION = 1.0;
				PRODUCT_BUNDLE_IDENTIFIER = com.hans.IminProjectTests;
				PRODUCT_NAME = "$(TARGET_NAME)";
				SWIFT_EMIT_LOC_STRINGS = NO;
				SWIFT_VERSION = 5.0;
				TARGETED_DEVICE_FAMILY = "1,2";
				TEST_HOST = "$(BUILT_PRODUCTS_DIR)/IminProject.app/$(BUNDLE_EXECUTABLE_FOLDER_PATH)/IminProject";
			};
			name = Debug;
		};
		F7F82C6E2B7B90BB00C4D079 /* Release */ = {
			isa = XCBuildConfiguration;
			buildSettings = {
				ALWAYS_EMBED_SWIFT_STANDARD_LIBRARIES = YES;
				BUNDLE_LOADER = "$(TEST_HOST)";
				CODE_SIGN_STYLE = Automatic;
				CURRENT_PROJECT_VERSION = 1;
				DEVELOPMENT_TEAM = 2K3Y93YF8Z;
				GENERATE_INFOPLIST_FILE = YES;
				IPHONEOS_DEPLOYMENT_TARGET = 17.0;
				MARKETING_VERSION = 1.0;
				PRODUCT_BUNDLE_IDENTIFIER = com.hans.IminProjectTests;
				PRODUCT_NAME = "$(TARGET_NAME)";
				SWIFT_EMIT_LOC_STRINGS = NO;
				SWIFT_VERSION = 5.0;
				TARGETED_DEVICE_FAMILY = "1,2";
				TEST_HOST = "$(BUILT_PRODUCTS_DIR)/IminProject.app/$(BUNDLE_EXECUTABLE_FOLDER_PATH)/IminProject";
			};
			name = Release;
		};
		F7F82C702B7B90BB00C4D079 /* Debug */ = {
			isa = XCBuildConfiguration;
			buildSettings = {
				ALWAYS_EMBED_SWIFT_STANDARD_LIBRARIES = YES;
				CODE_SIGN_STYLE = Automatic;
				CURRENT_PROJECT_VERSION = 1;
				DEVELOPMENT_TEAM = 2K3Y93YF8Z;
				GENERATE_INFOPLIST_FILE = YES;
				MARKETING_VERSION = 1.0;
				PRODUCT_BUNDLE_IDENTIFIER = com.hans.IminProjectUITests;
				PRODUCT_NAME = "$(TARGET_NAME)";
				SWIFT_EMIT_LOC_STRINGS = NO;
				SWIFT_VERSION = 5.0;
				TARGETED_DEVICE_FAMILY = "1,2";
				TEST_TARGET_NAME = IminProject;
			};
			name = Debug;
		};
		F7F82C712B7B90BB00C4D079 /* Release */ = {
			isa = XCBuildConfiguration;
			buildSettings = {
				ALWAYS_EMBED_SWIFT_STANDARD_LIBRARIES = YES;
				CODE_SIGN_STYLE = Automatic;
				CURRENT_PROJECT_VERSION = 1;
				DEVELOPMENT_TEAM = 2K3Y93YF8Z;
				GENERATE_INFOPLIST_FILE = YES;
				MARKETING_VERSION = 1.0;
				PRODUCT_BUNDLE_IDENTIFIER = com.hans.IminProjectUITests;
				PRODUCT_NAME = "$(TARGET_NAME)";
				SWIFT_EMIT_LOC_STRINGS = NO;
				SWIFT_VERSION = 5.0;
				TARGETED_DEVICE_FAMILY = "1,2";
				TEST_TARGET_NAME = IminProject;
			};
			name = Release;
		};
/* End XCBuildConfiguration section */

/* Begin XCConfigurationList section */
		F7F82C3A2B7B90B700C4D079 /* Build configuration list for PBXProject "IminProject" */ = {
			isa = XCConfigurationList;
			buildConfigurations = (
				F7F82C672B7B90BB00C4D079 /* Debug */,
				F7F82C682B7B90BB00C4D079 /* Release */,
			);
			defaultConfigurationIsVisible = 0;
			defaultConfigurationName = Release;
		};
		F7F82C692B7B90BB00C4D079 /* Build configuration list for PBXNativeTarget "IminProject" */ = {
			isa = XCConfigurationList;
			buildConfigurations = (
				F7F82C6A2B7B90BB00C4D079 /* Debug */,
				F7F82C6B2B7B90BB00C4D079 /* Release */,
			);
			defaultConfigurationIsVisible = 0;
			defaultConfigurationName = Release;
		};
		F7F82C6C2B7B90BB00C4D079 /* Build configuration list for PBXNativeTarget "IminProjectTests" */ = {
			isa = XCConfigurationList;
			buildConfigurations = (
				F7F82C6D2B7B90BB00C4D079 /* Debug */,
				F7F82C6E2B7B90BB00C4D079 /* Release */,
			);
			defaultConfigurationIsVisible = 0;
			defaultConfigurationName = Release;
		};
		F7F82C6F2B7B90BB00C4D079 /* Build configuration list for PBXNativeTarget "IminProjectUITests" */ = {
			isa = XCConfigurationList;
			buildConfigurations = (
				F7F82C702B7B90BB00C4D079 /* Debug */,
				F7F82C712B7B90BB00C4D079 /* Release */,
			);
			defaultConfigurationIsVisible = 0;
			defaultConfigurationName = Release;
		};
/* End XCConfigurationList section */

/* Begin XCRemoteSwiftPackageReference section */
		F7F82C722B7B90E500C4D079 /* XCRemoteSwiftPackageReference "SnapKit" */ = {
			isa = XCRemoteSwiftPackageReference;
			repositoryURL = "https://github.com/SnapKit/SnapKit.git";
			requirement = {
				kind = upToNextMajorVersion;
				minimumVersion = 5.7.0;
			};
		};
		F7F82C752B7B90FC00C4D079 /* XCRemoteSwiftPackageReference "RxSwift" */ = {
			isa = XCRemoteSwiftPackageReference;
			repositoryURL = "https://github.com/ReactiveX/RxSwift.git";
			requirement = {
				kind = upToNextMajorVersion;
				minimumVersion = 6.6.0;
			};
		};
/* End XCRemoteSwiftPackageReference section */

/* Begin XCSwiftPackageProductDependency section */
		F7F82C732B7B90E500C4D079 /* SnapKit */ = {
			isa = XCSwiftPackageProductDependency;
			package = F7F82C722B7B90E500C4D079 /* XCRemoteSwiftPackageReference "SnapKit" */;
			productName = SnapKit;
		};
		F7F82C762B7B90FC00C4D079 /* RxCocoa */ = {
			isa = XCSwiftPackageProductDependency;
			package = F7F82C752B7B90FC00C4D079 /* XCRemoteSwiftPackageReference "RxSwift" */;
			productName = RxCocoa;
		};
		F7F82C782B7B90FC00C4D079 /* RxSwift */ = {
			isa = XCSwiftPackageProductDependency;
			package = F7F82C752B7B90FC00C4D079 /* XCRemoteSwiftPackageReference "RxSwift" */;
			productName = RxSwift;
		};
/* End XCSwiftPackageProductDependency section */
	};
	rootObject = F7F82C372B7B90B700C4D079 /* Project object */;
}
